
Microsoft Visual Studio Solution File, Format Version 10.00
# Visual Studio 2008
Project("{8BC9CEB8-8B4A-11D0-8D11-00A0C91BC942}") = "Server", "Server\Server.vcproj", "{DED8F110-B2AD-4066-9F43-1FE6E863E435}"
EndProject
Project("{8BC9CEB8-8B4A-11D0-8D11-00A0C91BC942}") = "Client", "Client\Client.vcproj", "{E278DAD2-7A0F-4F96-804E-34617021DCD2}"
EndProject
Global
	GlobalSection(SolutionConfigurationPlatforms) = preSolution
		Debug|Win32 = Debug|Win32
		Release|Win32 = Release|Win32
	EndGlobalSection
	GlobalSection(ProjectConfigurationPlatforms) = postSolution
		{DED8F110-B2AD-4066-9F43-1FE6E863E435}.Debug|Win32.ActiveCfg = Debug|Win32
		{DED8F110-B2AD-4066-9F43-1FE6E863E435}.Debug|Win32.Build.0 = Debug|Win32
		{DED8F110-B2AD-4066-9F43-1FE6E863E435}.Release|Win32.ActiveCfg = Release|Win32
		{DED8F110-B2AD-4066-9F43-1FE6E863E435}.Release|Win32.Build.0 = Release|Win32
		{E278DAD2-7A0F-4F96-804E-34617021DCD2}.Debug|Win32.ActiveCfg = Debug|Win32
		{E278DAD2-7A0F-4F96-804E-34617021DCD2}.Debug|Win32.Build.0 = Debug|Win32
		{E278DAD2-7A0F-4F96-804E-34617021DCD2}.Release|Win32.ActiveCfg = Release|Win32
		{E278DAD2-7A0F-4F96-804E-34617021DCD2}.Release|Win32.Build.0 = Release|Win32
	EndGlobalSection
	GlobalSection(SolutionProperties) = preSolution
		HideSolutionNode = FALSE
	EndGlobalSection
EndGlobal
